{
  "object": {
    "pins": [
      {
        "package": "CRC",
        "repositoryURL": "https://github.com/QuickBirdEng/crc-swift.git",
        "state": {
          "branch": "package",
          "revision": "124a8c9bb853bfc7199012d8e486ec5ccd507f04",
          "version": null
        }
      }
    ]
  },
  "version": 1
}
