{
  "object": {
    "pins": [
      {
        "package": "CRC",
        "repositoryURL": "https://github.com/QuickBirdEng/crc-swift.git",
        "state": {
          "branch": null,
          "revision": "136db0392ff9afdd1fe51bc1fdc05aaf7585bc88",
          "version": "0.1.0"
        }
      }
    ]
  },
  "version": 1
}
